// !$*UTF8*$!
{
	archiveVersion = 1;
	classes = {
	};
	objectVersion = 55;
	objects = {

/* Begin PBXBuildFile section */
		2221394E27B7CC7900599E60 /* ProjectSortApp.swift in Sources */ = {isa = PBXBuildFile; fileRef = 2221393E27B7CC7800599E60 /* ProjectSortApp.swift */; };
		2221394F27B7CC7900599E60 /* ProjectSortApp.swift in Sources */ = {isa = PBXBuildFile; fileRef = 2221393E27B7CC7800599E60 /* ProjectSortApp.swift */; };
		2221395027B7CC7900599E60 /* ContentView.swift in Sources */ = {isa = PBXBuildFile; fileRef = 2221393F27B7CC7800599E60 /* ContentView.swift */; };
		2221395127B7CC7900599E60 /* ContentView.swift in Sources */ = {isa = PBXBuildFile; fileRef = 2221393F27B7CC7800599E60 /* ContentView.swift */; };
		2221395227B7CC7900599E60 /* Assets.xcassets in Resources */ = {isa = PBXBuildFile; fileRef = 2221394027B7CC7900599E60 /* Assets.xcassets */; };
		2221395327B7CC7900599E60 /* Assets.xcassets in Resources */ = {isa = PBXBuildFile; fileRef = 2221394027B7CC7900599E60 /* Assets.xcassets */; };
		2221395D27B7D6C600599E60 /* MainViewModel.swift in Sources */ = {isa = PBXBuildFile; fileRef = 2221395C27B7D6C600599E60 /* MainViewModel.swift */; };
		2221395E27B7D6C600599E60 /* MainViewModel.swift in Sources */ = {isa = PBXBuildFile; fileRef = 2221395C27B7D6C600599E60 /* MainViewModel.swift */; };
		2221396027B7DE3800599E60 /* UIExtensions.swift in Sources */ = {isa = PBXBuildFile; fileRef = 2221395F27B7DE3800599E60 /* UIExtensions.swift */; };
		2221396127B7DE3800599E60 /* UIExtensions.swift in Sources */ = {isa = PBXBuildFile; fileRef = 2221395F27B7DE3800599E60 /* UIExtensions.swift */; };
		2221396527B7F74400599E60 /* MediaInfo.swift in Sources */ = {isa = PBXBuildFile; fileRef = 2221396427B7F74400599E60 /* MediaInfo.swift */; };
		2221396627B7F74400599E60 /* MediaInfo.swift in Sources */ = {isa = PBXBuildFile; fileRef = 2221396427B7F74400599E60 /* MediaInfo.swift */; };
		2221396927B81E0200599E60 /* MediaFolder.swift in Sources */ = {isa = PBXBuildFile; fileRef = 2221396827B81E0200599E60 /* MediaFolder.swift */; };
		2221396A27B81E0200599E60 /* MediaFolder.swift in Sources */ = {isa = PBXBuildFile; fileRef = 2221396827B81E0200599E60 /* MediaFolder.swift */; };
		2221396C27B8BFAA00599E60 /* DropAreaView.swift in Sources */ = {isa = PBXBuildFile; fileRef = 2221396B27B8BFAA00599E60 /* DropAreaView.swift */; };
		2221396D27B8BFAA00599E60 /* DropAreaView.swift in Sources */ = {isa = PBXBuildFile; fileRef = 2221396B27B8BFAA00599E60 /* DropAreaView.swift */; };
		2221396F27B8CB1100599E60 /* ActionButton.swift in Sources */ = {isa = PBXBuildFile; fileRef = 2221396E27B8CB1100599E60 /* ActionButton.swift */; };
		2221397027B8CB1100599E60 /* ActionButton.swift in Sources */ = {isa = PBXBuildFile; fileRef = 2221396E27B8CB1100599E60 /* ActionButton.swift */; };
/* End PBXBuildFile section */

/* Begin PBXFileReference section */
		2221393E27B7CC7800599E60 /* ProjectSortApp.swift */ = {isa = PBXFileReference; lastKnownFileType = sourcecode.swift; path = ProjectSortApp.swift; sourceTree = "<group>"; };
		2221393F27B7CC7800599E60 /* ContentView.swift */ = {isa = PBXFileReference; lastKnownFileType = sourcecode.swift; path = ContentView.swift; sourceTree = "<group>"; };
		2221394027B7CC7900599E60 /* Assets.xcassets */ = {isa = PBXFileReference; lastKnownFileType = folder.assetcatalog; path = Assets.xcassets; sourceTree = "<group>"; };
		2221394527B7CC7900599E60 /* ProjectSort.app */ = {isa = PBXFileReference; explicitFileType = wrapper.application; includeInIndex = 0; path = ProjectSort.app; sourceTree = BUILT_PRODUCTS_DIR; };
		2221394B27B7CC7900599E60 /* ProjectSort.app */ = {isa = PBXFileReference; explicitFileType = wrapper.application; includeInIndex = 0; path = ProjectSort.app; sourceTree = BUILT_PRODUCTS_DIR; };
		2221394D27B7CC7900599E60 /* macOS.entitlements */ = {isa = PBXFileReference; lastKnownFileType = text.plist.entitlements; path = macOS.entitlements; sourceTree = "<group>"; };
		2221395C27B7D6C600599E60 /* MainViewModel.swift */ = {isa = PBXFileReference; lastKnownFileType = sourcecode.swift; path = MainViewModel.swift; sourceTree = "<group>"; };
		2221395F27B7DE3800599E60 /* UIExtensions.swift */ = {isa = PBXFileReference; lastKnownFileType = sourcecode.swift; path = UIExtensions.swift; sourceTree = "<group>"; };
		2221396427B7F74400599E60 /* MediaInfo.swift */ = {isa = PBXFileReference; lastKnownFileType = sourcecode.swift; path = MediaInfo.swift; sourceTree = "<group>"; };
		2221396827B81E0200599E60 /* MediaFolder.swift */ = {isa = PBXFileReference; lastKnownFileType = sourcecode.swift; path = MediaFolder.swift; sourceTree = "<group>"; };
		2221396B27B8BFAA00599E60 /* DropAreaView.swift */ = {isa = PBXFileReference; lastKnownFileType = sourcecode.swift; path = DropAreaView.swift; sourceTree = "<group>"; };
		2221396E27B8CB1100599E60 /* ActionButton.swift */ = {isa = PBXFileReference; lastKnownFileType = sourcecode.swift; path = ActionButton.swift; sourceTree = "<group>"; };
/* End PBXFileReference section */

/* Begin PBXFrameworksBuildPhase section */
		2221394227B7CC7900599E60 /* Frameworks */ = {
			isa = PBXFrameworksBuildPhase;
			buildActionMask = 2147483647;
			files = (
			);
			runOnlyForDeploymentPostprocessing = 0;
		};
		2221394827B7CC7900599E60 /* Frameworks */ = {
			isa = PBXFrameworksBuildPhase;
			buildActionMask = 2147483647;
			files = (
			);
			runOnlyForDeploymentPostprocessing = 0;
		};
/* End PBXFrameworksBuildPhase section */

/* Begin PBXGroup section */
		2221393827B7CC7800599E60 = {
			isa = PBXGroup;
			children = (
				2221393D27B7CC7800599E60 /* Shared */,
				2221394C27B7CC7900599E60 /* macOS */,
				2221394627B7CC7900599E60 /* Products */,
			);
			sourceTree = "<group>";
		};
		2221393D27B7CC7800599E60 /* Shared */ = {
			isa = PBXGroup;
			children = (
				2221396727B7F7C600599E60 /* View */,
				2221396327B7F73900599E60 /* Model */,
				2221396227B7F72E00599E60 /* ViewModel */,
				2221393E27B7CC7800599E60 /* ProjectSortApp.swift */,
				2221394027B7CC7900599E60 /* Assets.xcassets */,
				2221395F27B7DE3800599E60 /* UIExtensions.swift */,
			);
			path = Shared;
			sourceTree = "<group>";
		};
		2221394627B7CC7900599E60 /* Products */ = {
			isa = PBXGroup;
			children = (
				2221394527B7CC7900599E60 /* ProjectSort.app */,
				2221394B27B7CC7900599E60 /* ProjectSort.app */,
			);
			name = Products;
			sourceTree = "<group>";
		};
		2221394C27B7CC7900599E60 /* macOS */ = {
			isa = PBXGroup;
			children = (
				2221394D27B7CC7900599E60 /* macOS.entitlements */,
			);
			path = macOS;
			sourceTree = "<group>";
		};
		2221396227B7F72E00599E60 /* ViewModel */ = {
			isa = PBXGroup;
			children = (
				2221395C27B7D6C600599E60 /* MainViewModel.swift */,
			);
			path = ViewModel;
			sourceTree = "<group>";
		};
		2221396327B7F73900599E60 /* Model */ = {
			isa = PBXGroup;
			children = (
				2221396427B7F74400599E60 /* MediaInfo.swift */,
				2221396827B81E0200599E60 /* MediaFolder.swift */,
			);
			path = Model;
			sourceTree = "<group>";
		};
		2221396727B7F7C600599E60 /* View */ = {
			isa = PBXGroup;
			children = (
				2221393F27B7CC7800599E60 /* ContentView.swift */,
				2221396B27B8BFAA00599E60 /* DropAreaView.swift */,
				2221396E27B8CB1100599E60 /* ActionButton.swift */,
			);
			path = View;
			sourceTree = "<group>";
		};
/* End PBXGroup section */

/* Begin PBXNativeTarget section */
		2221394427B7CC7900599E60 /* ProjectSort (iOS) */ = {
			isa = PBXNativeTarget;
			buildConfigurationList = 2221395627B7CC7900599E60 /* Build configuration list for PBXNativeTarget "ProjectSort (iOS)" */;
			buildPhases = (
				2221394127B7CC7900599E60 /* Sources */,
				2221394227B7CC7900599E60 /* Frameworks */,
				2221394327B7CC7900599E60 /* Resources */,
			);
			buildRules = (
			);
			dependencies = (
			);
			name = "ProjectSort (iOS)";
			productName = "ProjectSort (iOS)";
			productReference = 2221394527B7CC7900599E60 /* ProjectSort.app */;
			productType = "com.apple.product-type.application";
		};
		2221394A27B7CC7900599E60 /* ProjectSort (macOS) */ = {
			isa = PBXNativeTarget;
			buildConfigurationList = 2221395927B7CC7900599E60 /* Build configuration list for PBXNativeTarget "ProjectSort (macOS)" */;
			buildPhases = (
				2221394727B7CC7900599E60 /* Sources */,
				2221394827B7CC7900599E60 /* Frameworks */,
				2221394927B7CC7900599E60 /* Resources */,
			);
			buildRules = (
			);
			dependencies = (
			);
			name = "ProjectSort (macOS)";
			productName = "ProjectSort (macOS)";
			productReference = 2221394B27B7CC7900599E60 /* ProjectSort.app */;
			productType = "com.apple.product-type.application";
		};
/* End PBXNativeTarget section */

/* Begin PBXProject section */
		2221393927B7CC7800599E60 /* Project object */ = {
			isa = PBXProject;
			attributes = {
				BuildIndependentTargetsInParallel = 1;
				LastSwiftUpdateCheck = 1320;
				LastUpgradeCheck = 1320;
				TargetAttributes = {
					2221394427B7CC7900599E60 = {
						CreatedOnToolsVersion = 13.2.1;
					};
					2221394A27B7CC7900599E60 = {
						CreatedOnToolsVersion = 13.2.1;
					};
				};
			};
			buildConfigurationList = 2221393C27B7CC7800599E60 /* Build configuration list for PBXProject "ProjectSort" */;
			compatibilityVersion = "Xcode 13.0";
			developmentRegion = en;
			hasScannedForEncodings = 0;
			knownRegions = (
				en,
				Base,
			);
			mainGroup = 2221393827B7CC7800599E60;
			productRefGroup = 2221394627B7CC7900599E60 /* Products */;
			projectDirPath = "";
			projectRoot = "";
			targets = (
				2221394427B7CC7900599E60 /* ProjectSort (iOS) */,
				2221394A27B7CC7900599E60 /* ProjectSort (macOS) */,
			);
		};
/* End PBXProject section */

/* Begin PBXResourcesBuildPhase section */
		2221394327B7CC7900599E60 /* Resources */ = {
			isa = PBXResourcesBuildPhase;
			buildActionMask = 2147483647;
			files = (
				2221395227B7CC7900599E60 /* Assets.xcassets in Resources */,
			);
			runOnlyForDeploymentPostprocessing = 0;
		};
		2221394927B7CC7900599E60 /* Resources */ = {
			isa = PBXResourcesBuildPhase;
			buildActionMask = 2147483647;
			files = (
				2221395327B7CC7900599E60 /* Assets.xcassets in Resources */,
			);
			runOnlyForDeploymentPostprocessing = 0;
		};
/* End PBXResourcesBuildPhase section */

/* Begin PBXSourcesBuildPhase section */
		2221394127B7CC7900599E60 /* Sources */ = {
			isa = PBXSourcesBuildPhase;
			buildActionMask = 2147483647;
			files = (
				2221395027B7CC7900599E60 /* ContentView.swift in Sources */,
				2221394E27B7CC7900599E60 /* ProjectSortApp.swift in Sources */,
				2221396927B81E0200599E60 /* MediaFolder.swift in Sources */,
				2221395D27B7D6C600599E60 /* MainViewModel.swift in Sources */,
				2221396027B7DE3800599E60 /* UIExtensions.swift in Sources */,
				2221396C27B8BFAA00599E60 /* DropAreaView.swift in Sources */,
				2221396527B7F74400599E60 /* MediaInfo.swift in Sources */,
				2221396F27B8CB1100599E60 /* ActionButton.swift in Sources */,
			);
			runOnlyForDeploymentPostprocessing = 0;
		};
		2221394727B7CC7900599E60 /* Sources */ = {
			isa = PBXSourcesBuildPhase;
			buildActionMask = 2147483647;
			files = (
				2221395127B7CC7900599E60 /* ContentView.swift in Sources */,
				2221394F27B7CC7900599E60 /* ProjectSortApp.swift in Sources */,
				2221396A27B81E0200599E60 /* MediaFolder.swift in Sources */,
				2221395E27B7D6C600599E60 /* MainViewModel.swift in Sources */,
				2221396127B7DE3800599E60 /* UIExtensions.swift in Sources */,
				2221396D27B8BFAA00599E60 /* DropAreaView.swift in Sources */,
				2221396627B7F74400599E60 /* MediaInfo.swift in Sources */,
				2221397027B8CB1100599E60 /* ActionButton.swift in Sources */,
			);
			runOnlyForDeploymentPostprocessing = 0;
		};
/* End PBXSourcesBuildPhase section */

/* Begin XCBuildConfiguration section */
		2221395427B7CC7900599E60 /* Debug */ = {
			isa = XCBuildConfiguration;
			buildSettings = {
				ALWAYS_SEARCH_USER_PATHS = NO;
				CLANG_ANALYZER_NONNULL = YES;
				CLANG_ANALYZER_NUMBER_OBJECT_CONVERSION = YES_AGGRESSIVE;
				CLANG_CXX_LANGUAGE_STANDARD = "gnu++17";
				CLANG_CXX_LIBRARY = "libc++";
				CLANG_ENABLE_MODULES = YES;
				CLANG_ENABLE_OBJC_ARC = YES;
				CLANG_ENABLE_OBJC_WEAK = YES;
				CLANG_WARN_BLOCK_CAPTURE_AUTORELEASING = YES;
				CLANG_WARN_BOOL_CONVERSION = YES;
				CLANG_WARN_COMMA = YES;
				CLANG_WARN_CONSTANT_CONVERSION = YES;
				CLANG_WARN_DEPRECATED_OBJC_IMPLEMENTATIONS = YES;
				CLANG_WARN_DIRECT_OBJC_ISA_USAGE = YES_ERROR;
				CLANG_WARN_DOCUMENTATION_COMMENTS = YES;
				CLANG_WARN_EMPTY_BODY = YES;
				CLANG_WARN_ENUM_CONVERSION = YES;
				CLANG_WARN_INFINITE_RECURSION = YES;
				CLANG_WARN_INT_CONVERSION = YES;
				CLANG_WARN_NON_LITERAL_NULL_CONVERSION = YES;
				CLANG_WARN_OBJC_IMPLICIT_RETAIN_SELF = YES;
				CLANG_WARN_OBJC_LITERAL_CONVERSION = YES;
				CLANG_WARN_OBJC_ROOT_CLASS = YES_ERROR;
				CLANG_WARN_QUOTED_INCLUDE_IN_FRAMEWORK_HEADER = YES;
				CLANG_WARN_RANGE_LOOP_ANALYSIS = YES;
				CLANG_WARN_STRICT_PROTOTYPES = YES;
				CLANG_WARN_SUSPICIOUS_MOVE = YES;
				CLANG_WARN_UNGUARDED_AVAILABILITY = YES_AGGRESSIVE;
				CLANG_WARN_UNREACHABLE_CODE = YES;
				CLANG_WARN__DUPLICATE_METHOD_MATCH = YES;
				COPY_PHASE_STRIP = NO;
				DEBUG_INFORMATION_FORMAT = dwarf;
				ENABLE_STRICT_OBJC_MSGSEND = YES;
				ENABLE_TESTABILITY = YES;
				GCC_C_LANGUAGE_STANDARD = gnu11;
				GCC_DYNAMIC_NO_PIC = NO;
				GCC_NO_COMMON_BLOCKS = YES;
				GCC_OPTIMIZATION_LEVEL = 0;
				GCC_PREPROCESSOR_DEFINITIONS = (
					"DEBUG=1",
					"$(inherited)",
				);
				GCC_WARN_64_TO_32_BIT_CONVERSION = YES;
				GCC_WARN_ABOUT_RETURN_TYPE = YES_ERROR;
				GCC_WARN_UNDECLARED_SELECTOR = YES;
				GCC_WARN_UNINITIALIZED_AUTOS = YES_AGGRESSIVE;
				GCC_WARN_UNUSED_FUNCTION = YES;
				GCC_WARN_UNUSED_VARIABLE = YES;
				MTL_ENABLE_DEBUG_INFO = INCLUDE_SOURCE;
				MTL_FAST_MATH = YES;
				ONLY_ACTIVE_ARCH = YES;
				SWIFT_ACTIVE_COMPILATION_CONDITIONS = DEBUG;
				SWIFT_OPTIMIZATION_LEVEL = "-Onone";
			};
			name = Debug;
		};
		2221395527B7CC7900599E60 /* Release */ = {
			isa = XCBuildConfiguration;
			buildSettings = {
				ALWAYS_SEARCH_USER_PATHS = NO;
				CLANG_ANALYZER_NONNULL = YES;
				CLANG_ANALYZER_NUMBER_OBJECT_CONVERSION = YES_AGGRESSIVE;
				CLANG_CXX_LANGUAGE_STANDARD = "gnu++17";
				CLANG_CXX_LIBRARY = "libc++";
				CLANG_ENABLE_MODULES = YES;
				CLANG_ENABLE_OBJC_ARC = YES;
				CLANG_ENABLE_OBJC_WEAK = YES;
				CLANG_WARN_BLOCK_CAPTURE_AUTORELEASING = YES;
				CLANG_WARN_BOOL_CONVERSION = YES;
				CLANG_WARN_COMMA = YES;
				CLANG_WARN_CONSTANT_CONVERSION = YES;
				CLANG_WARN_DEPRECATED_OBJC_IMPLEMENTATIONS = YES;
				CLANG_WARN_DIRECT_OBJC_ISA_USAGE = YES_ERROR;
				CLANG_WARN_DOCUMENTATION_COMMENTS = YES;
				CLANG_WARN_EMPTY_BODY = YES;
				CLANG_WARN_ENUM_CONVERSION = YES;
				CLANG_WARN_INFINITE_RECURSION = YES;
				CLANG_WARN_INT_CONVERSION = YES;
				CLANG_WARN_NON_LITERAL_NULL_CONVERSION = YES;
				CLANG_WARN_OBJC_IMPLICIT_RETAIN_SELF = YES;
				CLANG_WARN_OBJC_LITERAL_CONVERSION = YES;
				CLANG_WARN_OBJC_ROOT_CLASS = YES_ERROR;
				CLANG_WARN_QUOTED_INCLUDE_IN_FRAMEWORK_HEADER = YES;
				CLANG_WARN_RANGE_LOOP_ANALYSIS = YES;
				CLANG_WARN_STRICT_PROTOTYPES = YES;
				CLANG_WARN_SUSPICIOUS_MOVE = YES;
				CLANG_WARN_UNGUARDED_AVAILABILITY = YES_AGGRESSIVE;
				CLANG_WARN_UNREACHABLE_CODE = YES;
				CLANG_WARN__DUPLICATE_METHOD_MATCH = YES;
				COPY_PHASE_STRIP = NO;
				DEBUG_INFORMATION_FORMAT = "dwarf-with-dsym";
				ENABLE_NS_ASSERTIONS = NO;
				ENABLE_STRICT_OBJC_MSGSEND = YES;
				GCC_C_LANGUAGE_STANDARD = gnu11;
				GCC_NO_COMMON_BLOCKS = YES;
				GCC_WARN_64_TO_32_BIT_CONVERSION = YES;
				GCC_WARN_ABOUT_RETURN_TYPE = YES_ERROR;
				GCC_WARN_UNDECLARED_SELECTOR = YES;
				GCC_WARN_UNINITIALIZED_AUTOS = YES_AGGRESSIVE;
				GCC_WARN_UNUSED_FUNCTION = YES;
				GCC_WARN_UNUSED_VARIABLE = YES;
				MTL_ENABLE_DEBUG_INFO = NO;
				MTL_FAST_MATH = YES;
				SWIFT_COMPILATION_MODE = wholemodule;
				SWIFT_OPTIMIZATION_LEVEL = "-O";
			};
			name = Release;
		};
		2221395727B7CC7900599E60 /* Debug */ = {
			isa = XCBuildConfiguration;
			buildSettings = {
				ASSETCATALOG_COMPILER_APPICON_NAME = AppIcon;
				ASSETCATALOG_COMPILER_GLOBAL_ACCENT_COLOR_NAME = AccentColor;
				CODE_SIGN_STYLE = Automatic;
				CURRENT_PROJECT_VERSION = 1;
				DEVELOPMENT_TEAM = 7GB9CHCB87;
				ENABLE_PREVIEWS = YES;
				GENERATE_INFOPLIST_FILE = YES;
				INFOPLIST_KEY_UIApplicationSceneManifest_Generation = YES;
				INFOPLIST_KEY_UIApplicationSupportsIndirectInputEvents = YES;
				INFOPLIST_KEY_UILaunchScreen_Generation = YES;
				INFOPLIST_KEY_UISupportedInterfaceOrientations_iPad = "UIInterfaceOrientationPortrait UIInterfaceOrientationPortraitUpsideDown UIInterfaceOrientationLandscapeLeft UIInterfaceOrientationLandscapeRight";
				INFOPLIST_KEY_UISupportedInterfaceOrientations_iPhone = "UIInterfaceOrientationPortrait UIInterfaceOrientationLandscapeLeft UIInterfaceOrientationLandscapeRight";
				IPHONEOS_DEPLOYMENT_TARGET = 15.2;
				LD_RUNPATH_SEARCH_PATHS = (
					"$(inherited)",
					"@executable_path/Frameworks",
				);
				MARKETING_VERSION = 1.0;
				PRODUCT_BUNDLE_IDENTIFIER = com.juniperphoton.projectsort.ProjectSort;
				PRODUCT_NAME = ProjectSort;
				SDKROOT = iphoneos;
				SWIFT_EMIT_LOC_STRINGS = YES;
				SWIFT_VERSION = 5.0;
				TARGETED_DEVICE_FAMILY = "1,2";
			};
			name = Debug;
		};
		2221395827B7CC7900599E60 /* Release */ = {
			isa = XCBuildConfiguration;
			buildSettings = {
				ASSETCATALOG_COMPILER_APPICON_NAME = AppIcon;
				ASSETCATALOG_COMPILER_GLOBAL_ACCENT_COLOR_NAME = AccentColor;
				CODE_SIGN_STYLE = Automatic;
				CURRENT_PROJECT_VERSION = 1;
				DEVELOPMENT_TEAM = 7GB9CHCB87;
				ENABLE_PREVIEWS = YES;
				GENERATE_INFOPLIST_FILE = YES;
				INFOPLIST_KEY_UIApplicationSceneManifest_Generation = YES;
				INFOPLIST_KEY_UIApplicationSupportsIndirectInputEvents = YES;
				INFOPLIST_KEY_UILaunchScreen_Generation = YES;
				INFOPLIST_KEY_UISupportedInterfaceOrientations_iPad = "UIInterfaceOrientationPortrait UIInterfaceOrientationPortraitUpsideDown UIInterfaceOrientationLandscapeLeft UIInterfaceOrientationLandscapeRight";
				INFOPLIST_KEY_UISupportedInterfaceOrientations_iPhone = "UIInterfaceOrientationPortrait UIInterfaceOrientationLandscapeLeft UIInterfaceOrientationLandscapeRight";
				IPHONEOS_DEPLOYMENT_TARGET = 15.2;
				LD_RUNPATH_SEARCH_PATHS = (
					"$(inherited)",
					"@executable_path/Frameworks",
				);
				MARKETING_VERSION = 1.0;
				PRODUCT_BUNDLE_IDENTIFIER = com.juniperphoton.projectsort.ProjectSort;
				PRODUCT_NAME = ProjectSort;
				SDKROOT = iphoneos;
				SWIFT_EMIT_LOC_STRINGS = YES;
				SWIFT_VERSION = 5.0;
				TARGETED_DEVICE_FAMILY = "1,2";
				VALIDATE_PRODUCT = YES;
			};
			name = Release;
		};
		2221395A27B7CC7900599E60 /* Debug */ = {
			isa = XCBuildConfiguration;
			buildSettings = {
				ASSETCATALOG_COMPILER_APPICON_NAME = AppIcon;
				ASSETCATALOG_COMPILER_GLOBAL_ACCENT_COLOR_NAME = AccentColor;
				CODE_SIGN_ENTITLEMENTS = macOS/macOS.entitlements;
				CODE_SIGN_STYLE = Automatic;
				COMBINE_HIDPI_IMAGES = YES;
				CURRENT_PROJECT_VERSION = 1;
				DEVELOPMENT_TEAM = 7GB9CHCB87;
				ENABLE_HARDENED_RUNTIME = YES;
				ENABLE_PREVIEWS = YES;
				GENERATE_INFOPLIST_FILE = YES;
				INFOPLIST_KEY_NSHumanReadableCopyright = "";
				LD_RUNPATH_SEARCH_PATHS = (
					"$(inherited)",
					"@executable_path/../Frameworks",
				);
				MACOSX_DEPLOYMENT_TARGET = 12.1;
				MARKETING_VERSION = 1.0;
				PRODUCT_BUNDLE_IDENTIFIER = com.juniperphoton.projectsort.ProjectSort;
				PRODUCT_NAME = ProjectSort;
				SDKROOT = macosx;
				SWIFT_EMIT_LOC_STRINGS = YES;
				SWIFT_VERSION = 5.0;
			};
			name = Debug;
		};
		2221395B27B7CC7900599E60 /* Release */ = {
			isa = XCBuildConfiguration;
			buildSettings = {
				ASSETCATALOG_COMPILER_APPICON_NAME = AppIcon;
				ASSETCATALOG_COMPILER_GLOBAL_ACCENT_COLOR_NAME = AccentColor;
				CODE_SIGN_ENTITLEMENTS = macOS/macOS.entitlements;
				CODE_SIGN_STYLE = Automatic;
				COMBINE_HIDPI_IMAGES = YES;
				CURRENT_PROJECT_VERSION = 1;
				DEVELOPMENT_TEAM = 7GB9CHCB87;
				ENABLE_HARDENED_RUNTIME = YES;
				ENABLE_PREVIEWS = YES;
				GENERATE_INFOPLIST_FILE = YES;
				INFOPLIST_KEY_NSHumanReadableCopyright = "";
				LD_RUNPATH_SEARCH_PATHS = (
					"$(inherited)",
					"@executable_path/../Frameworks",
				);
				MACOSX_DEPLOYMENT_TARGET = 12.1;
				MARKETING_VERSION = 1.0;
				PRODUCT_BUNDLE_IDENTIFIER = com.juniperphoton.projectsort.ProjectSort;
				PRODUCT_NAME = ProjectSort;
				SDKROOT = macosx;
				SWIFT_EMIT_LOC_STRINGS = YES;
				SWIFT_VERSION = 5.0;
			};
			name = Release;
		};
/* End XCBuildConfiguration section */

/* Begin XCConfigurationList section */
		2221393C27B7CC7800599E60 /* Build configuration list for PBXProject "ProjectSort" */ = {
			isa = XCConfigurationList;
			buildConfigurations = (
				2221395427B7CC7900599E60 /* Debug */,
				2221395527B7CC7900599E60 /* Release */,
			);
			defaultConfigurationIsVisible = 0;
			defaultConfigurationName = Release;
		};
		2221395627B7CC7900599E60 /* Build configuration list for PBXNativeTarget "ProjectSort (iOS)" */ = {
			isa = XCConfigurationList;
			buildConfigurations = (
				2221395727B7CC7900599E60 /* Debug */,
				2221395827B7CC7900599E60 /* Release */,
			);
			defaultConfigurationIsVisible = 0;
			defaultConfigurationName = Release;
		};
		2221395927B7CC7900599E60 /* Build configuration list for PBXNativeTarget "ProjectSort (macOS)" */ = {
			isa = XCConfigurationList;
			buildConfigurations = (
				2221395A27B7CC7900599E60 /* Debug */,
				2221395B27B7CC7900599E60 /* Release */,
			);
			defaultConfigurationIsVisible = 0;
			defaultConfigurationName = Release;
		};
/* End XCConfigurationList section */
	};
	rootObject = 2221393927B7CC7800599E60 /* Project object */;
}
